{
  "name": "tests-es6-forks",
  "version": "1.0.0",
  "lockfileVersion": 2,
  "requires": true,
  "packages": {
    "": {
      "name": "tests-es6-forks",
      "version": "1.0.0",
      "license": "MIT",
      "devDependencies": {
        "@types/node": "^16.11.7"
      },
      "engines": {
        "node": "16.17.0",
        "npm": "8.15.0"
      }
    },
    "node_modules/@types/node": {
      "version": "16.11.59",
      "resolved": "https://registry.npmjs.org/@types/node/-/node-16.11.59.tgz",
      "integrity": "sha512-6u+36Dj3aDzhfBVUf/mfmc92OEdzQ2kx2jcXGdigfl70E/neV21ZHE6UCz4MDzTRcVqGAM27fk+DLXvyDsn3Jw==",
      "dev": true
    }
  },
  "dependencies": {
    "@types/node": {
      "version": "16.11.59",
      "resolved": "https://registry.npmjs.org/@types/node/-/node-16.11.59.tgz",
      "integrity": "sha512-6u+36Dj3aDzhfBVUf/mfmc92OEdzQ2kx2jcXGdigfl70E/neV21ZHE6UCz4MDzTRcVqGAM27fk+DLXvyDsn3Jw==",
      "dev": true
    }
  }
}
